github.com/tencentcloud/tencentcloud-sdk-go/tencentcloud/common v1.0.650 h1:oP2OB41u5pfwKWCxWihl/OVWHEPlO6NLZILvZIifU4c=
github.com/tencentcloud/tencentcloud-sdk-go/tencentcloud/common v1.0.650/go.mod h1:7sCQWVkxcsR38nffDW057DRGk8mUjK1Ing/EFOK8s8Y=
github.com/tencentcloud/tencentcloud-sdk-go/tencentcloud/sms v1.0.650 h1:5jATz5dbCIRox3BbHN37NLCb15aUDahzip+x3QuprGg=
github.com/tencentcloud/tencentcloud-sdk-go/tencentcloud/sms v1.0.650/go.mod h1:dJEghckAkjSwJRRWzArYoOoAk2n6SMcN0CLTOhF05xs=
